
Microsoft Visual Studio Solution File, Format Version 12.00
# Visual Studio Version 16
VisualStudioVersion = 16.0.29001.49
MinimumVisualStudioVersion = 10.0.40219.1
Project("{FAE04EC0-301F-11D3-BF4B-00C04F79EFBC}") = "move picture 3", "move picture 3\move picture 3.csproj", "{00737ACB-B49A-4F74-8CC4-6A1AA565C4BC}"
EndProject
Global
	GlobalSection(SolutionConfigurationPlatforms) = preSolution
		Debug|Any CPU = Debug|Any CPU
		Release|Any CPU = Release|Any CPU
	EndGlobalSection
	GlobalSection(ProjectConfigurationPlatforms) = postSolution
		{00737ACB-B49A-4F74-8CC4-6A1AA565C4BC}.Debug|Any CPU.ActiveCfg = Debug|Any CPU
		{00737ACB-B49A-4F74-8CC4-6A1AA565C4BC}.Debug|Any CPU.Build.0 = Debug|Any CPU
		{00737ACB-B49A-4F74-8CC4-6A1AA565C4BC}.Release|Any CPU.ActiveCfg = Release|Any CPU
		{00737ACB-B49A-4F74-8CC4-6A1AA565C4BC}.Release|Any CPU.Build.0 = Release|Any CPU
	EndGlobalSection
	GlobalSection(SolutionProperties) = preSolution
		HideSolutionNode = FALSE
	EndGlobalSection
	GlobalSection(ExtensibilityGlobals) = postSolution
		SolutionGuid = {82637CAE-4AF3-48E7-8D46-633E03C832A0}
	EndGlobalSection
EndGlobal
